
Microsoft Visual Studio Solution File, Format Version 12.00
# Visual Studio Version 17
VisualStudioVersion = 17.8.34330.188
MinimumVisualStudioVersion = 10.0.40219.1
Project("{FAE04EC0-301F-11D3-BF4B-00C04F79EFBC}") = "readonly ve const", "readonly ve const\readonly ve const.csproj", "{9AED3460-E408-418F-967C-63668CEF5B4E}"
EndProject
Global
	GlobalSection(SolutionConfigurationPlatforms) = preSolution
		Debug|Any CPU = Debug|Any CPU
		Release|Any CPU = Release|Any CPU
	EndGlobalSection
	GlobalSection(ProjectConfigurationPlatforms) = postSolution
		{9AED3460-E408-418F-967C-63668CEF5B4E}.Debug|Any CPU.ActiveCfg = Debug|Any CPU
		{9AED3460-E408-418F-967C-63668CEF5B4E}.Debug|Any CPU.Build.0 = Debug|Any CPU
		{9AED3460-E408-418F-967C-63668CEF5B4E}.Release|Any CPU.ActiveCfg = Release|Any CPU
		{9AED3460-E408-418F-967C-63668CEF5B4E}.Release|Any CPU.Build.0 = Release|Any CPU
	EndGlobalSection
	GlobalSection(SolutionProperties) = preSolution
		HideSolutionNode = FALSE
	EndGlobalSection
	GlobalSection(ExtensibilityGlobals) = postSolution
		SolutionGuid = {AA147620-D1B0-401F-88D0-E1FB2B99E9D1}
	EndGlobalSection
EndGlobal
